
Microsoft Visual Studio Solution File, Format Version 12.00
# Visual Studio Version 17
VisualStudioVersion = 17.0.32126.317
MinimumVisualStudioVersion = 10.0.40219.1
Project("{8BC9CEB8-8B4A-11D0-8D11-00A0C91BC942}") = "ComputerVision_assigment0", "ComputerVision_assigment0\ComputerVision_assigment0.vcxproj", "{CD4CFC29-D031-4D1B-B5F4-4B120CBE27E2}"
EndProject
Global
	GlobalSection(SolutionConfigurationPlatforms) = preSolution
		Debug|x64 = Debug|x64
		Debug|x86 = Debug|x86
		Release|x64 = Release|x64
		Release|x86 = Release|x86
	EndGlobalSection
	GlobalSection(ProjectConfigurationPlatforms) = postSolution
		{CD4CFC29-D031-4D1B-B5F4-4B120CBE27E2}.Debug|x64.ActiveCfg = Debug|x64
		{CD4CFC29-D031-4D1B-B5F4-4B120CBE27E2}.Debug|x64.Build.0 = Debug|x64
		{CD4CFC29-D031-4D1B-B5F4-4B120CBE27E2}.Debug|x86.ActiveCfg = Debug|Win32
		{CD4CFC29-D031-4D1B-B5F4-4B120CBE27E2}.Debug|x86.Build.0 = Debug|Win32
		{CD4CFC29-D031-4D1B-B5F4-4B120CBE27E2}.Release|x64.ActiveCfg = Release|x64
		{CD4CFC29-D031-4D1B-B5F4-4B120CBE27E2}.Release|x64.Build.0 = Release|x64
		{CD4CFC29-D031-4D1B-B5F4-4B120CBE27E2}.Release|x86.ActiveCfg = Release|Win32
		{CD4CFC29-D031-4D1B-B5F4-4B120CBE27E2}.Release|x86.Build.0 = Release|Win32
	EndGlobalSection
	GlobalSection(SolutionProperties) = preSolution
		HideSolutionNode = FALSE
	EndGlobalSection
	GlobalSection(ExtensibilityGlobals) = postSolution
		SolutionGuid = {EA1A766A-7330-4B19-BFE5-874A791DDC00}
	EndGlobalSection
EndGlobal
